
Microsoft Visual Studio Solution File, Format Version 12.00
# Visual Studio Version 17
VisualStudioVersion = 17.0.31903.59
MinimumVisualStudioVersion = 10.0.40219.1
Project("{9A19103F-16F7-4668-BE54-9A1E7A4F7556}") = "Firebrand.Data", "src\Data\Firebrand.Data\Firebrand.Data.csproj", "{549670AF-A319-4663-93BE-D8548A66A711}"
EndProject
Project("{2150E333-8FDC-42A3-9474-1A3956D46DE8}") = "src", "src", "{C6157E0A-1027-41B1-A85D-4C82F211BFFE}"
EndProject
Project("{2150E333-8FDC-42A3-9474-1A3956D46DE8}") = "test", "test", "{C483E5F2-BFE5-4179-89E9-5DC4AA641F88}"
EndProject
Project("{2150E333-8FDC-42A3-9474-1A3956D46DE8}") = "tools", "tools", "{33513125-34AA-4747-B17C-3DB07533255C}"
EndProject
Project("{2150E333-8FDC-42A3-9474-1A3956D46DE8}") = "Data", "Data", "{88F1D7B0-73A4-4802-B4A5-26F8A13ACAAB}"
EndProject
Project("{2150E333-8FDC-42A3-9474-1A3956D46DE8}") = "Utilities", "Utilities", "{6CAC691C-50C1-403C-A515-BB81E99A6229}"
EndProject
Project("{2150E333-8FDC-42A3-9474-1A3956D46DE8}") = "Web", "Web", "{D8637DA4-2B52-455A-A5B7-BA93B020D61E}"
EndProject
Project("{2150E333-8FDC-42A3-9474-1A3956D46DE8}") = "Common", "Common", "{E187DB06-75B4-424E-A913-3DFA5C49F94E}"
EndProject
Project("{9A19103F-16F7-4668-BE54-9A1E7A4F7556}") = "Firebrand.Exception", "src\Common\Firebrand.Exception\Firebrand.Exception.csproj", "{8088DAD9-451C-41AD-ABF9-6970CD82B57A}"
EndProject
Project("{9A19103F-16F7-4668-BE54-9A1E7A4F7556}") = "Firebrand.Common.Extensions", "src\Common\Firebrand.Common.Extensions\Firebrand.Common.Extensions.csproj", "{A9A45DA9-64D2-4180-9F57-8458DD472FA7}"
EndProject
Project("{9A19103F-16F7-4668-BE54-9A1E7A4F7556}") = "Firebrand.Common.Extensions.Test", "test\Firebrand.Common.Extensions.Test\Firebrand.Common.Extensions.Test.csproj", "{FE71377D-E9BC-4FD7-9A20-93EC27F788E0}"
EndProject
Project("{9A19103F-16F7-4668-BE54-9A1E7A4F7556}") = "Firebrand.Data.PostgreSQL", "src\Data\Firebrand.Data.PostgreSQL\Firebrand.Data.PostgreSQL.csproj", "{C9C508EA-D31A-40E0-B725-AB8D2E10AE4B}"
EndProject
Project("{2150E333-8FDC-42A3-9474-1A3956D46DE8}") = "Security", "Security", "{62BB076C-830E-42A5-A410-B7EFD71878A6}"
EndProject
Project("{9A19103F-16F7-4668-BE54-9A1E7A4F7556}") = "Firebrand.Security.Cryptography", "src\Security\Firebrand.Security.Cryptography\Firebrand.Security.Cryptography.csproj", "{31803042-DC02-44D1-B69C-22EEC5FB5143}"
EndProject
Project("{9A19103F-16F7-4668-BE54-9A1E7A4F7556}") = "Firebrand.Redis", "src\Utilities\Firebrand.Redis\Firebrand.Redis.csproj", "{D0F0D1E5-844E-475A-84D2-E93924B9EB8B}"
EndProject
Project("{9A19103F-16F7-4668-BE54-9A1E7A4F7556}") = "Firebrand.Reflaction", "src\Utilities\Firebrand.Reflaction\Firebrand.Reflaction.csproj", "{1B45E276-4DC2-4F9B-8912-E908A457BC6B}"
EndProject
Project("{9A19103F-16F7-4668-BE54-9A1E7A4F7556}") = "Firebrand.Data.SqlServer", "src\Data\Firebrand.Data.SqlServer\Firebrand.Data.SqlServer.csproj", "{10497262-A930-4D38-BE2D-15D8DA25C11B}"
EndProject
Global
	GlobalSection(SolutionConfigurationPlatforms) = preSolution
		Debug|Any CPU = Debug|Any CPU
		Release|Any CPU = Release|Any CPU
	EndGlobalSection
	GlobalSection(ProjectConfigurationPlatforms) = postSolution
		{549670AF-A319-4663-93BE-D8548A66A711}.Debug|Any CPU.ActiveCfg = Debug|Any CPU
		{549670AF-A319-4663-93BE-D8548A66A711}.Debug|Any CPU.Build.0 = Debug|Any CPU
		{549670AF-A319-4663-93BE-D8548A66A711}.Release|Any CPU.ActiveCfg = Release|Any CPU
		{549670AF-A319-4663-93BE-D8548A66A711}.Release|Any CPU.Build.0 = Release|Any CPU
		{8088DAD9-451C-41AD-ABF9-6970CD82B57A}.Debug|Any CPU.ActiveCfg = Debug|Any CPU
		{8088DAD9-451C-41AD-ABF9-6970CD82B57A}.Debug|Any CPU.Build.0 = Debug|Any CPU
		{8088DAD9-451C-41AD-ABF9-6970CD82B57A}.Release|Any CPU.ActiveCfg = Release|Any CPU
		{8088DAD9-451C-41AD-ABF9-6970CD82B57A}.Release|Any CPU.Build.0 = Release|Any CPU
		{A9A45DA9-64D2-4180-9F57-8458DD472FA7}.Debug|Any CPU.ActiveCfg = Debug|Any CPU
		{A9A45DA9-64D2-4180-9F57-8458DD472FA7}.Debug|Any CPU.Build.0 = Debug|Any CPU
		{A9A45DA9-64D2-4180-9F57-8458DD472FA7}.Release|Any CPU.ActiveCfg = Release|Any CPU
		{A9A45DA9-64D2-4180-9F57-8458DD472FA7}.Release|Any CPU.Build.0 = Release|Any CPU
		{FE71377D-E9BC-4FD7-9A20-93EC27F788E0}.Debug|Any CPU.ActiveCfg = Debug|Any CPU
		{FE71377D-E9BC-4FD7-9A20-93EC27F788E0}.Debug|Any CPU.Build.0 = Debug|Any CPU
		{FE71377D-E9BC-4FD7-9A20-93EC27F788E0}.Release|Any CPU.ActiveCfg = Release|Any CPU
		{FE71377D-E9BC-4FD7-9A20-93EC27F788E0}.Release|Any CPU.Build.0 = Release|Any CPU
		{C9C508EA-D31A-40E0-B725-AB8D2E10AE4B}.Debug|Any CPU.ActiveCfg = Debug|Any CPU
		{C9C508EA-D31A-40E0-B725-AB8D2E10AE4B}.Debug|Any CPU.Build.0 = Debug|Any CPU
		{C9C508EA-D31A-40E0-B725-AB8D2E10AE4B}.Release|Any CPU.ActiveCfg = Release|Any CPU
		{C9C508EA-D31A-40E0-B725-AB8D2E10AE4B}.Release|Any CPU.Build.0 = Release|Any CPU
		{31803042-DC02-44D1-B69C-22EEC5FB5143}.Debug|Any CPU.ActiveCfg = Debug|Any CPU
		{31803042-DC02-44D1-B69C-22EEC5FB5143}.Debug|Any CPU.Build.0 = Debug|Any CPU
		{31803042-DC02-44D1-B69C-22EEC5FB5143}.Release|Any CPU.ActiveCfg = Release|Any CPU
		{31803042-DC02-44D1-B69C-22EEC5FB5143}.Release|Any CPU.Build.0 = Release|Any CPU
		{D0F0D1E5-844E-475A-84D2-E93924B9EB8B}.Debug|Any CPU.ActiveCfg = Debug|Any CPU
		{D0F0D1E5-844E-475A-84D2-E93924B9EB8B}.Debug|Any CPU.Build.0 = Debug|Any CPU
		{D0F0D1E5-844E-475A-84D2-E93924B9EB8B}.Release|Any CPU.ActiveCfg = Release|Any CPU
		{D0F0D1E5-844E-475A-84D2-E93924B9EB8B}.Release|Any CPU.Build.0 = Release|Any CPU
		{1B45E276-4DC2-4F9B-8912-E908A457BC6B}.Debug|Any CPU.ActiveCfg = Debug|Any CPU
		{1B45E276-4DC2-4F9B-8912-E908A457BC6B}.Debug|Any CPU.Build.0 = Debug|Any CPU
		{1B45E276-4DC2-4F9B-8912-E908A457BC6B}.Release|Any CPU.ActiveCfg = Release|Any CPU
		{1B45E276-4DC2-4F9B-8912-E908A457BC6B}.Release|Any CPU.Build.0 = Release|Any CPU
		{10497262-A930-4D38-BE2D-15D8DA25C11B}.Debug|Any CPU.ActiveCfg = Debug|Any CPU
		{10497262-A930-4D38-BE2D-15D8DA25C11B}.Debug|Any CPU.Build.0 = Debug|Any CPU
		{10497262-A930-4D38-BE2D-15D8DA25C11B}.Release|Any CPU.ActiveCfg = Release|Any CPU
		{10497262-A930-4D38-BE2D-15D8DA25C11B}.Release|Any CPU.Build.0 = Release|Any CPU
	EndGlobalSection
	GlobalSection(SolutionProperties) = preSolution
		HideSolutionNode = FALSE
	EndGlobalSection
	GlobalSection(NestedProjects) = preSolution
		{549670AF-A319-4663-93BE-D8548A66A711} = {88F1D7B0-73A4-4802-B4A5-26F8A13ACAAB}
		{88F1D7B0-73A4-4802-B4A5-26F8A13ACAAB} = {C6157E0A-1027-41B1-A85D-4C82F211BFFE}
		{6CAC691C-50C1-403C-A515-BB81E99A6229} = {C6157E0A-1027-41B1-A85D-4C82F211BFFE}
		{D8637DA4-2B52-455A-A5B7-BA93B020D61E} = {C6157E0A-1027-41B1-A85D-4C82F211BFFE}
		{E187DB06-75B4-424E-A913-3DFA5C49F94E} = {C6157E0A-1027-41B1-A85D-4C82F211BFFE}
		{8088DAD9-451C-41AD-ABF9-6970CD82B57A} = {E187DB06-75B4-424E-A913-3DFA5C49F94E}
		{A9A45DA9-64D2-4180-9F57-8458DD472FA7} = {E187DB06-75B4-424E-A913-3DFA5C49F94E}
		{FE71377D-E9BC-4FD7-9A20-93EC27F788E0} = {C483E5F2-BFE5-4179-89E9-5DC4AA641F88}
		{C9C508EA-D31A-40E0-B725-AB8D2E10AE4B} = {88F1D7B0-73A4-4802-B4A5-26F8A13ACAAB}
		{62BB076C-830E-42A5-A410-B7EFD71878A6} = {C6157E0A-1027-41B1-A85D-4C82F211BFFE}
		{31803042-DC02-44D1-B69C-22EEC5FB5143} = {62BB076C-830E-42A5-A410-B7EFD71878A6}
		{D0F0D1E5-844E-475A-84D2-E93924B9EB8B} = {6CAC691C-50C1-403C-A515-BB81E99A6229}
		{1B45E276-4DC2-4F9B-8912-E908A457BC6B} = {6CAC691C-50C1-403C-A515-BB81E99A6229}
		{10497262-A930-4D38-BE2D-15D8DA25C11B} = {88F1D7B0-73A4-4802-B4A5-26F8A13ACAAB}
	EndGlobalSection
	GlobalSection(ExtensibilityGlobals) = postSolution
		SolutionGuid = {617A9D83-6E3D-47D2-BF03-E3771DCB4C90}
	EndGlobalSection
EndGlobal
